schema: '2.0'
stages:
  load_ratings:
    cmd: python -m src.data.load_ratings_from_db
    deps:
    - path: src/data/load_ratings_from_db.py
      hash: md5
      md5: 650293373436a892bdef0ee323b347cb
      size: 563
    outs:
    - path: data/processed/ratings_training.csv
      hash: md5
      md5: 76b37b5323c422154e4adf86d5eb85c9
      size: 26594597
  train_collaborative:
    cmd: python -m src.model.train_collaborative
    deps:
    - path: data/processed/ratings_training.csv
      hash: md5
      md5: 76b37b5323c422154e4adf86d5eb85c9
      size: 26594597
    - path: src/model/train_collaborative.py
      hash: md5
      md5: d36e58b1d6523e4c0a30a9db44c067f1
      size: 4560
    outs:
    - path: models/collaborative_model.pkl
      hash: md5
      md5: cd54733ca95e733e610fb6774ac1345e
      size: 13657268
  evaluate_collaborative:
    cmd: python -m src.model.evaluate_collaborative
    deps:
    - path: models/collaborative_model.pkl
      hash: md5
      md5: cd54733ca95e733e610fb6774ac1345e
      size: 13657268
    - path: src/model/evaluate_collaborative.py
      hash: md5
      md5: ac402b46e2f672d6697115de7e0c6f53
      size: 3299
    outs:
    - path: metrics/collaborative_metrics.json
      hash: md5
      md5: 76573d833da239c0a353f1a148eeaf32
      size: 67
