schema: '2.0'
stages:
  load_ratings:
    cmd: python -m src.data.load_ratings_from_db
    deps:
    - path: src/data/load_ratings_from_db.py
      hash: md5
      md5: 650293373436a892bdef0ee323b347cb
      size: 563
    outs:
    - path: data/processed/ratings_training.csv
      hash: md5
      md5: 76b37b5323c422154e4adf86d5eb85c9
      size: 26594597
  train_collaborative:
    cmd: python -m src.model.train_collaborative
    deps:
    - path: data/processed/ratings_training.csv
      hash: md5
      md5: 76b37b5323c422154e4adf86d5eb85c9
      size: 26594597
    - path: src/model/train_collaborative.py
      hash: md5
      md5: 1a5f621e77b9fd525319e7f79c33dd8b
      size: 3769
    outs:
    - path: models/collaborative_model.pkl
      hash: md5
      md5: cd54733ca95e733e610fb6774ac1345e
      size: 13657268
  evaluate_collaborative:
    cmd: python -m src.model.evaluate_collaborative
    deps:
    - path: models/collaborative_model.pkl
      hash: md5
      md5: cd54733ca95e733e610fb6774ac1345e
      size: 13657268
    - path: src/model/evaluate_collaborative.py
      hash: md5
      md5: 05e617f120af6230c506ec248208f897
      size: 2792
